
Microsoft Visual Studio Solution File, Format Version 12.00
# Visual Studio Version 17
VisualStudioVersion = 17.10.34916.146
MinimumVisualStudioVersion = 10.0.40219.1
Project("{FAE04EC0-301F-11D3-BF4B-00C04F79EFBC}") = "ExamTest", "ExamTest\ExamTest.csproj", "{027BC026-BEEC-481D-B6AA-2AFD5F7C5604}"
EndProject
Project("{FAE04EC0-301F-11D3-BF4B-00C04F79EFBC}") = "Core", "Core\Core.csproj", "{B2C0DDB0-DF0D-4278-8C74-60AC2034F8AA}"
EndProject
Project("{FAE04EC0-301F-11D3-BF4B-00C04F79EFBC}") = "Data", "Data\Data.csproj", "{6A7A9F9F-44F7-4EF5-839B-CC2C019D1253}"
EndProject
Project("{FAE04EC0-301F-11D3-BF4B-00C04F79EFBC}") = "Business", "Business\Business.csproj", "{3DAA6EE8-9972-473B-85A6-8C5907A98FD6}"
EndProject
Global
	GlobalSection(SolutionConfigurationPlatforms) = preSolution
		Debug|Any CPU = Debug|Any CPU
		Release|Any CPU = Release|Any CPU
	EndGlobalSection
	GlobalSection(ProjectConfigurationPlatforms) = postSolution
		{027BC026-BEEC-481D-B6AA-2AFD5F7C5604}.Debug|Any CPU.ActiveCfg = Debug|Any CPU
		{027BC026-BEEC-481D-B6AA-2AFD5F7C5604}.Debug|Any CPU.Build.0 = Debug|Any CPU
		{027BC026-BEEC-481D-B6AA-2AFD5F7C5604}.Release|Any CPU.ActiveCfg = Release|Any CPU
		{027BC026-BEEC-481D-B6AA-2AFD5F7C5604}.Release|Any CPU.Build.0 = Release|Any CPU
		{B2C0DDB0-DF0D-4278-8C74-60AC2034F8AA}.Debug|Any CPU.ActiveCfg = Debug|Any CPU
		{B2C0DDB0-DF0D-4278-8C74-60AC2034F8AA}.Debug|Any CPU.Build.0 = Debug|Any CPU
		{B2C0DDB0-DF0D-4278-8C74-60AC2034F8AA}.Release|Any CPU.ActiveCfg = Release|Any CPU
		{B2C0DDB0-DF0D-4278-8C74-60AC2034F8AA}.Release|Any CPU.Build.0 = Release|Any CPU
		{6A7A9F9F-44F7-4EF5-839B-CC2C019D1253}.Debug|Any CPU.ActiveCfg = Debug|Any CPU
		{6A7A9F9F-44F7-4EF5-839B-CC2C019D1253}.Debug|Any CPU.Build.0 = Debug|Any CPU
		{6A7A9F9F-44F7-4EF5-839B-CC2C019D1253}.Release|Any CPU.ActiveCfg = Release|Any CPU
		{6A7A9F9F-44F7-4EF5-839B-CC2C019D1253}.Release|Any CPU.Build.0 = Release|Any CPU
		{3DAA6EE8-9972-473B-85A6-8C5907A98FD6}.Debug|Any CPU.ActiveCfg = Debug|Any CPU
		{3DAA6EE8-9972-473B-85A6-8C5907A98FD6}.Debug|Any CPU.Build.0 = Debug|Any CPU
		{3DAA6EE8-9972-473B-85A6-8C5907A98FD6}.Release|Any CPU.ActiveCfg = Release|Any CPU
		{3DAA6EE8-9972-473B-85A6-8C5907A98FD6}.Release|Any CPU.Build.0 = Release|Any CPU
	EndGlobalSection
	GlobalSection(SolutionProperties) = preSolution
		HideSolutionNode = FALSE
	EndGlobalSection
	GlobalSection(ExtensibilityGlobals) = postSolution
		SolutionGuid = {2565DE06-7888-4D0B-B596-6AD346F1F3D9}
	EndGlobalSection
EndGlobal
